
Microsoft Visual Studio Solution File, Format Version 12.00
# Visual Studio Version 17
VisualStudioVersion = 17.3.32825.248
MinimumVisualStudioVersion = 10.0.40219.1
Project("{FAE04EC0-301F-11D3-BF4B-00C04F79EFBC}") = "экзамен1", "экзамен1\экзамен1.csproj", "{45ED4574-F587-46EE-8AD3-27CFB3E649F8}"
EndProject
Global
	GlobalSection(SolutionConfigurationPlatforms) = preSolution
		Debug|Any CPU = Debug|Any CPU
		Release|Any CPU = Release|Any CPU
	EndGlobalSection
	GlobalSection(ProjectConfigurationPlatforms) = postSolution
		{45ED4574-F587-46EE-8AD3-27CFB3E649F8}.Debug|Any CPU.ActiveCfg = Debug|Any CPU
		{45ED4574-F587-46EE-8AD3-27CFB3E649F8}.Debug|Any CPU.Build.0 = Debug|Any CPU
		{45ED4574-F587-46EE-8AD3-27CFB3E649F8}.Release|Any CPU.ActiveCfg = Release|Any CPU
		{45ED4574-F587-46EE-8AD3-27CFB3E649F8}.Release|Any CPU.Build.0 = Release|Any CPU
	EndGlobalSection
	GlobalSection(SolutionProperties) = preSolution
		HideSolutionNode = FALSE
	EndGlobalSection
	GlobalSection(ExtensibilityGlobals) = postSolution
		SolutionGuid = {F4B73190-3F07-4FC8-AA52-EB90C64E3B47}
	EndGlobalSection
EndGlobal
